
Microsoft Visual Studio Solution File, Format Version 12.00
# Visual Studio Version 17
VisualStudioVersion = 17.9.34616.47
MinimumVisualStudioVersion = 10.0.40219.1
Project("{FAE04EC0-301F-11D3-BF4B-00C04F79EFBC}") = "company_catalogue_api", "company_catalogue_api\company_catalogue_api.csproj", "{BC0C5921-8C18-45CE-98C2-93D96B581E72}"
EndProject
Global
	GlobalSection(SolutionConfigurationPlatforms) = preSolution
		Debug|Any CPU = Debug|Any CPU
		Release|Any CPU = Release|Any CPU
	EndGlobalSection
	GlobalSection(ProjectConfigurationPlatforms) = postSolution
		{BC0C5921-8C18-45CE-98C2-93D96B581E72}.Debug|Any CPU.ActiveCfg = Debug|Any CPU
		{BC0C5921-8C18-45CE-98C2-93D96B581E72}.Debug|Any CPU.Build.0 = Debug|Any CPU
		{BC0C5921-8C18-45CE-98C2-93D96B581E72}.Release|Any CPU.ActiveCfg = Release|Any CPU
		{BC0C5921-8C18-45CE-98C2-93D96B581E72}.Release|Any CPU.Build.0 = Release|Any CPU
	EndGlobalSection
	GlobalSection(SolutionProperties) = preSolution
		HideSolutionNode = FALSE
	EndGlobalSection
	GlobalSection(ExtensibilityGlobals) = postSolution
		SolutionGuid = {3A1031EE-FAC6-4542-964B-9241082D2F41}
	EndGlobalSection
EndGlobal
